lockfileVersion: '9.0'

settings:
  autoInstallPeers: true
  excludeLinksFromLockfile: false

importers:

  .:
    dependencies:
      '@defuse-protocol/one-click-sdk-typescript':
        specifier: 0.1.1
        version: 0.1.1
      '@near-js/accounts':
        specifier: ^2.2.4
        version: 2.2.4(syq6agnbxllc4e4keakh7ev47u)
      '@near-js/crypto':
        specifier: ^2.2.4
        version: 2.2.4(@near-js/types@2.2.4)(@near-js/utils@2.2.4(@near-js/types@2.2.4))
      '@near-js/providers':
        specifier: ^2.2.4
        version: 2.2.4(@near-js/crypto@2.2.4(@near-js/types@2.2.4)(@near-js/utils@2.2.4(@near-js/types@2.2.4)))(@near-js/transactions@2.2.4(@near-js/crypto@2.2.4(@near-js/types@2.2.4)(@near-js/utils@2.2.4(@near-js/types@2.2.4)))(@near-js/types@2.2.4)(@near-js/utils@2.2.4(@near-js/types@2.2.4)))(@near-js/types@2.2.4)(@near-js/utils@2.2.4(@near-js/types@2.2.4))
      '@near-js/signers':
        specifier: ^2.2.4
        version: 2.2.4(@near-js/crypto@2.2.4(@near-js/types@2.2.4)(@near-js/utils@2.2.4(@near-js/types@2.2.4)))(@near-js/keystores@2.2.4(@near-js/crypto@2.2.4(@near-js/types@2.2.4)(@near-js/utils@2.2.4(@near-js/types@2.2.4)))(@near-js/types@2.2.4))(@near-js/transactions@2.2.4(@near-js/crypto@2.2.4(@near-js/types@2.2.4)(@near-js/utils@2.2.4(@near-js/types@2.2.4)))(@near-js/types@2.2.4)(@near-js/utils@2.2.4(@near-js/types@2.2.4)))
      '@near-js/tokens':
        specifier: ^2.2.4
        version: 2.2.4
      dotenv:
        specifier: ^17.2.1
        version: 17.2.1
    devDependencies:
      ts-node:
        specifier: ^10.9.2
        version: 10.9.2(@types/node@24.1.0)(typescript@5.9.2)
      typescript:
        specifier: ^5.4.2
        version: 5.9.2

packages:

  '@cspotcode/source-map-support@0.8.1':
    resolution: {integrity: sha512-IchNf6dN4tHoMFIn/7OE8LWZ19Y6q/67Bmf6vnGREv8RSbBVb9LPJxEcnwrcwX6ixSvaiGoomAUvu4YSxXrVgw==}
    engines: {node: '>=12'}

  '@defuse-protocol/one-click-sdk-typescript@0.1.1':
    resolution: {integrity: sha512-WzlvPxXH0iv+Q/Pi1+gt/bWwozsmKs9vudBkkgqsB4SFSsM2x75o7lkZBr9lxFedktfFxhU0joUEhgLsaH/Y2A==}
    engines: {node: '>=16', pnpm: '>=8'}

  '@jridgewell/resolve-uri@3.1.2':
    resolution: {integrity: sha512-bRISgCIjP20/tbWSPWMEi54QVPRZExkuD9lJL+UIxUKtwVJA8wW1Trb1jMs1RFXo1CBTNZ/5hpC9QvmKWdopKw==}
    engines: {node: '>=6.0.0'}

  '@jridgewell/sourcemap-codec@1.5.4':
    resolution: {integrity: sha512-VT2+G1VQs/9oz078bLrYbecdZKs912zQlkelYpuf+SXF+QvZDYJlbx/LSx+meSAwdDFnF8FVXW92AVjjkVmgFw==}

  '@jridgewell/trace-mapping@0.3.9':
    resolution: {integrity: sha512-3Belt6tdc8bPgAtbcmdtNJlirVoTmEb5e2gC94PnkwEW9jI6CAHUeoG85tjWP5WquqfavoMtMwiG4P926ZKKuQ==}

  '@near-js/accounts@2.2.4':
    resolution: {integrity: sha512-m8eGmDpFoQsQxdQQBmhD02JME2l+ULTYBD8+2XlV92VkoNPWhySC+yw4NAeDBaiyY+10xgxwcZtw1ZesPKw8Ow==}
    peerDependencies:
      '@near-js/crypto': ^2.0.1
      '@near-js/providers': ^2.0.1
      '@near-js/signers': ^2.0.1
      '@near-js/tokens': ^2.0.1
      '@near-js/transactions': ^2.0.1
      '@near-js/types': ^2.0.1
      '@near-js/utils': ^2.0.1

  '@near-js/crypto@2.2.4':
    resolution: {integrity: sha512-zPU0tim4/mZb3Q/EoRYZx4rDDLpv/bFndk1o/QGVj/VtAmmIVbjFVlkHFo/RvNy7SWddFufgYJbunLlmjLT7+g==}
    peerDependencies:
      '@near-js/types': ^2.0.1
      '@near-js/utils': ^2.0.1

  '@near-js/keystores@2.2.4':
    resolution: {integrity: sha512-cbfoDIedyVbw2rhKkYA7tLZO7A9tBiqKINHqlsH3W5kSJ6SrBx9W2rCFTLD6CalBF/I1gDYJMR4N19ZQBoNcFw==}
    peerDependencies:
      '@near-js/crypto': ^2.0.1
      '@near-js/types': ^2.0.1

  '@near-js/providers@2.2.4':
    resolution: {integrity: sha512-6wOont9Zt+g4dGcsM4FukxYRbAPUBjU5vQAXsfgOL07R2Y6ZSB5PuMaJ6ArHl38mwx3/ZPZ1rNuo7x5yB25Vpw==}
    peerDependencies:
      '@near-js/crypto': ^2.0.1
      '@near-js/transactions': ^2.0.1
      '@near-js/types': ^2.0.1
      '@near-js/utils': ^2.0.1

  '@near-js/signers@2.2.4':
    resolution: {integrity: sha512-NpNZNViww6COC15GKCtpeY53ihOH1IY4tKbsy6HHqB3tWOxPIFPJkhkykcE4GX2gnUBpVe6RoCzO6+DEMP0RgA==}
    peerDependencies:
      '@near-js/crypto': ^2.0.1
      '@near-js/keystores': ^2.0.1
      '@near-js/transactions': ^2.0.1

  '@near-js/tokens@2.2.4':
    resolution: {integrity: sha512-I8P9PDwVePiGkOmj+QBgTm98dBEXJHUJtN/wMieGEsjf7CnbDnaXgaKA6oNwAEFbR24DFvtOrVFk/GH4zrkiWw==}

  '@near-js/transactions@2.2.4':
    resolution: {integrity: sha512-3Poncq85IbmzAAcinF3B7IhtfyUHfzaORBrn0kEfLAP/UmRLELk5Hl5sxR75EJzlLvefHSjypFQSEerNQDDe7Q==}
    peerDependencies:
      '@near-js/crypto': ^2.0.1
      '@near-js/types': ^2.0.1
      '@near-js/utils': ^2.0.1

  '@near-js/types@2.2.4':
    resolution: {integrity: sha512-ntiXbDfdT82JX2a6hteThr9gd7z1T9quzJXSqCUqA3ME/4oujkRLyvIBM77KBgH3+lrphJqi1i8B1Ns2Ft5MkQ==}

  '@near-js/utils@2.2.4':
    resolution: {integrity: sha512-X30TyM9+E0GgUyc4Q80xzadnTmQZMlmh8TeM4NuFee9DSWnJtqoM87EkyHtfDIhNYS4CMawa2poDDldmWvHb9A==}
    peerDependencies:
      '@near-js/types': ^2.0.1

  '@noble/curves@1.8.1':
    resolution: {integrity: sha512-warwspo+UYUPep0Q+vtdVB4Ugn8GGQj8iyB3gnRWsztmUHTI3S1nhdiWNsPUGL0vud7JlRRk1XEu7Lq1KGTnMQ==}
    engines: {node: ^14.21.3 || >=16}

  '@noble/hashes@1.7.1':
    resolution: {integrity: sha512-B8XBPsn4vT/KJAGqDzbwztd+6Yte3P4V7iafm24bxgDe/mlRuK6xmWPuCNrKt2vDafZ8MfJLlchDG/vYafQEjQ==}
    engines: {node: ^14.21.3 || >=16}

  '@scure/base@1.2.6':
    resolution: {integrity: sha512-g/nm5FgUa//MCj1gV09zTJTaM6KBAHqLN907YVQqf7zC49+DcO4B1so4ZX07Ef10Twr6nuqYEH9GEggFXA4Fmg==}

  '@tsconfig/node10@1.0.11':
    resolution: {integrity: sha512-DcRjDCujK/kCk/cUe8Xz8ZSpm8mS3mNNpta+jGCA6USEDfktlNvm1+IuZ9eTcDbNk41BHwpHHeW+N1lKCz4zOw==}

  '@tsconfig/node12@1.0.11':
    resolution: {integrity: sha512-cqefuRsh12pWyGsIoBKJA9luFu3mRxCA+ORZvA4ktLSzIuCUtWVxGIuXigEwO5/ywWFMZ2QEGKWvkZG1zDMTag==}

  '@tsconfig/node14@1.0.3':
    resolution: {integrity: sha512-ysT8mhdixWK6Hw3i1V2AeRqZ5WfXg1G43mqoYlM2nc6388Fq5jcXyr5mRsqViLx/GJYdoL0bfXD8nmF+Zn/Iow==}

  '@tsconfig/node16@1.0.4':
    resolution: {integrity: sha512-vxhUy4J8lyeyinH7Azl1pdd43GJhZH/tP2weN8TntQblOY+A0XbT8DJk1/oCPuOOyg/Ja757rG0CgHcWC8OfMA==}

  '@types/json-schema@7.0.15':
    resolution: {integrity: sha512-5+fP8P8MFNC+AyZCDxrB2pkZFPGzqQWUzpSeuuVLvm8VMcorNYavBqoFcxK8bQz4Qsbn4oUEEem4wDLfcysGHA==}

  '@types/node@24.1.0':
    resolution: {integrity: sha512-ut5FthK5moxFKH2T1CUOC6ctR67rQRvvHdFLCD2Ql6KXmMuCrjsSsRI9UsLCm9M18BMwClv4pn327UvB7eeO1w==}

  acorn-walk@8.3.4:
    resolution: {integrity: sha512-ueEepnujpqee2o5aIYnvHU6C0A42MNdsIDeqy5BydrkuC5R1ZuUFnm27EeFJGoEHJQgn3uleRvmTXaJgfXbt4g==}
    engines: {node: '>=0.4.0'}

  acorn@8.15.0:
    resolution: {integrity: sha512-NZyJarBfL7nWwIq+FDL6Zp/yHEhePMNnnJ0y3qfieCrmNvYct8uvtiV41UvlSe6apAfk0fY1FbWx+NwfmpvtTg==}
    engines: {node: '>=0.4.0'}
    hasBin: true

  arg@4.1.3:
    resolution: {integrity: sha512-58S9QDqG0Xx27YwPSt9fJxivjYl432YCwfDMfZ+71RAqUrZef7LrKQZ3LHLOwCS4FLNBplP533Zx895SeOCHvA==}

  asynckit@0.4.0:
    resolution: {integrity: sha512-Oei9OH4tRh0YqU3GxhX79dM/mwVgvbZJaSNaRk+bshkj0S5cfHcgYakreBjrHwatXKbz+IoIdYLxrKim2MjW0Q==}

  axios@1.11.0:
    resolution: {integrity: sha512-1Lx3WLFQWm3ooKDYZD1eXmoGO9fxYQjrycfHFC8P0sCfQVXyROp0p9PFWBehewBOdCwHc+f/b8I0fMto5eSfwA==}

  bn.js@4.12.2:
    resolution: {integrity: sha512-n4DSx829VRTRByMRGdjQ9iqsN0Bh4OolPsFnaZBLcbi8iXcB+kJ9s7EnRt4wILZNV3kPLHkRVfOc/HvhC3ovDw==}

  borsh@1.0.0:
    resolution: {integrity: sha512-fSVWzzemnyfF89EPwlUNsrS5swF5CrtiN4e+h0/lLf4dz2he4L3ndM20PS9wj7ICSkXJe/TQUHdaPTq15b1mNQ==}

  brorand@1.1.0:
    resolution: {integrity: sha512-cKV8tMCEpQs4hK/ik71d6LrPOnpkpGBR0wzxqr68g2m/LB2GxVYQroAjMJZRVM1Y4BCjCKc3vAamxSzOY2RP+w==}

  call-bind-apply-helpers@1.0.2:
    resolution: {integrity: sha512-Sp1ablJ0ivDkSzjcaJdxEunN5/XvksFJ2sMBFfq6x0ryhQV/2b/KwFe21cMpmHtPOSij8K99/wSfoEuTObmuMQ==}
    engines: {node: '>= 0.4'}

  combined-stream@1.0.8:
    resolution: {integrity: sha512-FQN4MRfuJeHf7cBbBMJFXhKSDq+2kAArBlmRBvcvFE5BB1HZKXtSFASDhdlz9zOYwxh8lDdnvmMOe/+5cdoEdg==}
    engines: {node: '>= 0.8'}

  create-require@1.1.1:
    resolution: {integrity: sha512-dcKFX3jn0MpIaXjisoRvexIJVEKzaq7z2rZKxf+MSr9TkdmHmsU4m2lcLojrj/FHl8mk5VxMmYA+ftRkP/3oKQ==}

  delayed-stream@1.0.0:
    resolution: {integrity: sha512-ZySD7Nf91aLB0RxL4KGrKHBXl7Eds1DAmEdcoVawXnLD7SDhpNgtuII2aAkg7a7QS41jxPSZ17p4VdGnMHk3MQ==}
    engines: {node: '>=0.4.0'}

  depd@2.0.0:
    resolution: {integrity: sha512-g7nH6P6dyDioJogAAGprGpCtVImJhpPk/roCzdb3fIh61/s/nPsfR6onyMwkCAR/OlC3yBC0lESvUoQEAssIrw==}
    engines: {node: '>= 0.8'}

  diff@4.0.2:
    resolution: {integrity: sha512-58lmxKSA4BNyLz+HHMUzlOEpg09FV+ev6ZMe3vJihgdxzgcwZ8VoEEPmALCZG9LmqfVoNMMKpttIYTVG6uDY7A==}
    engines: {node: '>=0.3.1'}

  dotenv@17.2.1:
    resolution: {integrity: sha512-kQhDYKZecqnM0fCnzI5eIv5L4cAe/iRI+HqMbO/hbRdTAeXDG+M9FjipUxNfbARuEg4iHIbhnhs78BCHNbSxEQ==}
    engines: {node: '>=12'}

  dunder-proto@1.0.1:
    resolution: {integrity: sha512-KIN/nDJBQRcXw0MLVhZE9iQHmG68qAVIBg9CqmUYjmQIhgij9U5MFvrqkUL5FbtyyzZuOeOt0zdeRe4UY7ct+A==}
    engines: {node: '>= 0.4'}

  elliptic@6.6.1:
    resolution: {integrity: sha512-RaddvvMatK2LJHqFJ+YA4WysVN5Ita9E35botqIYspQ4TkRAlCicdzKOjlyv/1Za5RyTNn7di//eEV0uTAfe3g==}

  es-define-property@1.0.1:
    resolution: {integrity: sha512-e3nRfgfUZ4rNGL232gUgX06QNyyez04KdjFrF+LTRoOXmrOgFKDg4BCdsjW8EnT69eqdYGmRpJwiPVYNrCaW3g==}
    engines: {node: '>= 0.4'}

  es-errors@1.3.0:
    resolution: {integrity: sha512-Zf5H2Kxt2xjTvbJvP2ZWLEICxA6j+hAmMzIlypy4xcBg1vKVnx89Wy0GbS+kf5cwCVFFzdCFh2XSCFNULS6csw==}
    engines: {node: '>= 0.4'}

  es-object-atoms@1.1.1:
    resolution: {integrity: sha512-FGgH2h8zKNim9ljj7dankFPcICIK9Cp5bm+c2gQSYePhpaG5+esrLODihIorn+Pe6FGJzWhXQotPv73jTaldXA==}
    engines: {node: '>= 0.4'}

  es-set-tostringtag@2.1.0:
    resolution: {integrity: sha512-j6vWzfrGVfyXxge+O0x5sh6cvxAog0a/4Rdd2K36zCMV5eJ+/+tOAngRO8cODMNWbVRdVlmGZQL2YS3yR8bIUA==}
    engines: {node: '>= 0.4'}

  exponential-backoff@3.1.2:
    resolution: {integrity: sha512-8QxYTVXUkuy7fIIoitQkPwGonB8F3Zj8eEO8Sqg9Zv/bkI7RJAzowee4gr81Hak/dUTpA2Z7VfQgoijjPNlUZA==}

  follow-redirects@1.15.11:
    resolution: {integrity: sha512-deG2P0JfjrTxl50XGCDyfI97ZGVCxIpfKYmfyrQ54n5FO/0gfIES8C/Psl6kWVDolizcaaxZJnTS0QSMxvnsBQ==}
    engines: {node: '>=4.0'}
    peerDependencies:
      debug: '*'
    peerDependenciesMeta:
      debug:
        optional: true

  form-data@4.0.4:
    resolution: {integrity: sha512-KrGhL9Q4zjj0kiUt5OO4Mr/A/jlI2jDYs5eHBpYHPcBEVSiipAvn2Ko2HnPe20rmcuuvMHNdZFp+4IlGTMF0Ow==}
    engines: {node: '>= 6'}

  function-bind@1.1.2:
    resolution: {integrity: sha512-7XHNxH7qX9xG5mIwxkhumTox/MIRNcOgDrxWsMt2pAr23WHp6MrRlN7FBSFpCpr+oVO0F744iUgR82nJMfG2SA==}

  generate-function@2.3.1:
    resolution: {integrity: sha512-eeB5GfMNeevm/GRYq20ShmsaGcmI81kIX2K9XQx5miC8KdHaC6Jm0qQ8ZNeGOi7wYB8OsdxKs+Y2oVuTFuVwKQ==}

  generate-object-property@1.2.0:
    resolution: {integrity: sha512-TuOwZWgJ2VAMEGJvAyPWvpqxSANF0LDpmyHauMjFYzaACvn+QTT/AZomvPCzVBV7yDN3OmwHQ5OvHaeLKre3JQ==}

  get-intrinsic@1.3.0:
    resolution: {integrity: sha512-9fSjSaos/fRIVIp+xSJlE6lfwhES7LNtKaCBIamHsjr2na1BiABJPo0mOjjz8GJDURarmCPGqaiVg5mfjb98CQ==}
    engines: {node: '>= 0.4'}

  get-proto@1.0.1:
    resolution: {integrity: sha512-sTSfBjoXBp89JvIKIefqw7U2CCebsc74kiY6awiGogKtoSGbgjYE/G/+l9sF3MWFPNc9IcoOC4ODfKHfxFmp0g==}
    engines: {node: '>= 0.4'}

  gopd@1.2.0:
    resolution: {integrity: sha512-ZUKRh6/kUFoAiTAtTYPZJ3hw9wNxx+BIBOijnlG9PnrJsCcSjs1wyyD6vJpaYtgnzDrKYRSqf3OO6Rfa93xsRg==}
    engines: {node: '>= 0.4'}

  has-symbols@1.1.0:
    resolution: {integrity: sha512-1cDNdwJ2Jaohmb3sg4OmKaMBwuC48sYni5HUw2DvsC8LjGTLK9h+eb1X6RyuOHe4hT0ULCW68iomhjUoKUqlPQ==}
    engines: {node: '>= 0.4'}

  has-tostringtag@1.0.2:
    resolution: {integrity: sha512-NqADB8VjPFLM2V0VvHUewwwsw0ZWBaIdgo+ieHtK3hasLz4qeCRjYcqfB6AQrBggRKppKF8L52/VqdVsO47Dlw==}
    engines: {node: '>= 0.4'}

  hash.js@1.1.7:
    resolution: {integrity: sha512-taOaskGt4z4SOANNseOviYDvjEJinIkRgmp7LbKP2YTTmVxWBl87s/uzK9r+44BclBSp2X7K1hqeNfz9JbBeXA==}

  hasown@2.0.2:
    resolution: {integrity: sha512-0hJU9SCPvmMzIBdZFqNPXWa6dqh7WdH0cII9y+CyS8rG3nL48Bclra9HmKhVVUHyPWNH5Y7xDwAB7bfgSjkUMQ==}
    engines: {node: '>= 0.4'}

  hmac-drbg@1.0.1:
    resolution: {integrity: sha512-Tti3gMqLdZfhOQY1Mzf/AanLiqh1WTiJgEj26ZuYQ9fbkLomzGchCws4FyrSd4VkpBfiNhaE1On+lOz894jvXg==}

  inherits@2.0.4:
    resolution: {integrity: sha512-k/vGaX4/Yla3WzyMCvTQOXYeIHvqOKtnqBduzTHpzpQZzAskKMhZ2K+EnBiSM9zGSoIFeMpXKxa4dYeZIQqewQ==}

  is-my-ip-valid@1.0.1:
    resolution: {integrity: sha512-jxc8cBcOWbNK2i2aTkCZP6i7wkHF1bqKFrwEHuN5Jtg5BSaZHUZQ/JTOJwoV41YvHnOaRyWWh72T/KvfNz9DJg==}

  is-my-json-valid@2.20.6:
    resolution: {integrity: sha512-1JQwulVNjx8UqkPE/bqDaxtH4PXCe/2VRh/y3p99heOV87HG4Id5/VfDswd+YiAfHcRTfDlWgISycnHuhZq1aw==}

  is-property@1.0.2:
    resolution: {integrity: sha512-Ks/IoX00TtClbGQr4TWXemAnktAQvYB7HzcCxDGqEZU6oCmb2INHuOoKxbtR+HFkmYWBKv/dOZtGRiAjDhj92g==}

  jsonpointer@5.0.1:
    resolution: {integrity: sha512-p/nXbhSEcu3pZRdkW1OfJhpsVtW1gd4Wa1fnQc9YLiTfAjn0312eMKimbdIQzuZl9aa9xUGaRlP9T/CJE/ditQ==}
    engines: {node: '>=0.10.0'}

  lru_map@0.4.1:
    resolution: {integrity: sha512-I+lBvqMMFfqaV8CJCISjI3wbjmwVu/VyOoU7+qtu9d7ioW5klMgsTTiUOUp+DJvfTTzKXoPbyC6YfgkNcyPSOg==}

  make-error@1.3.6:
    resolution: {integrity: sha512-s8UhlNe7vPKomQhC1qFelMokr/Sc3AgNbso3n74mVPA5LTZwkB9NlXf4XPamLxJE8h0gh73rM94xvwRT2CVInw==}

  math-intrinsics@1.1.0:
    resolution: {integrity: sha512-/IXtbwEk5HTPyEwyKX6hGkYXxM9nbj64B+ilVJnC/R6B0pH5G4V3b0pVbL7DBj4tkhBAppbQUlf6F6Xl9LHu1g==}
    engines: {node: '>= 0.4'}

  mime-db@1.52.0:
    resolution: {integrity: sha512-sPU4uV7dYlvtWJxwwxHD0PuihVNiE7TyAbQ5SWxDCB9mUYvOgroQOwYQQOKPJ8CIbE+1ETVlOoK1UC2nU3gYvg==}
    engines: {node: '>= 0.6'}

  mime-types@2.1.35:
    resolution: {integrity: sha512-ZDY+bPm5zTTF+YpCrAU9nK0UgICYPT0QtT1NZWFv4s++TNkcgVaT0g6+4R2uI4MjQjzysHB1zxuWL50hzaeXiw==}
    engines: {node: '>= 0.6'}

  minimalistic-assert@1.0.1:
    resolution: {integrity: sha512-UtJcAD4yEaGtjPezWuO9wC4nwUnVH/8/Im3yEHQP4b67cXlD/Qr9hdITCU1xDbSEXg2XKNaP8jsReV7vQd00/A==}

  minimalistic-crypto-utils@1.0.1:
    resolution: {integrity: sha512-JIYlbt6g8i5jKfJ3xz7rF0LXmv2TkDxBLUkiBeZ7bAx4GnnNMr8xFpGnOxn6GhTEHx3SjRrZEoU+j04prX1ktg==}

  mustache@4.0.0:
    resolution: {integrity: sha512-FJgjyX/IVkbXBXYUwH+OYwQKqWpFPLaLVESd70yHjSDunwzV2hZOoTBvPf4KLoxesUzzyfTH6F784Uqd7Wm5yA==}
    engines: {npm: '>=1.4.0'}
    hasBin: true

  near-abi@0.2.0:
    resolution: {integrity: sha512-kCwSf/3fraPU2zENK18sh+kKG4uKbEUEQdyWQkmW8ZofmLarObIz2+zAYjA1teDZLeMvEQew3UysnPDXgjneaA==}

  node-addon-api@5.1.0:
    resolution: {integrity: sha512-eh0GgfEkpnoWDq+VY8OyvYhFEzBk6jIYbRKdIlyTiAXIVJ8PyBaKb0rp7oDtoddbdoHWhq8wwr+XZ81F1rpNdA==}

  node-fetch@2.6.7:
    resolution: {integrity: sha512-ZjMPFEfVx5j+y2yF35Kzx5sF7kDzxuDj6ziH4FFbOp87zKDZNx8yExJIb05OGF4Nlt9IHFIMBkRl41VdvcNdbQ==}
    engines: {node: 4.x || >=6.0.0}
    peerDependencies:
      encoding: ^0.1.0
    peerDependenciesMeta:
      encoding:
        optional: true

  node-gyp-build@4.8.4:
    resolution: {integrity: sha512-LA4ZjwlnUblHVgq0oBF3Jl/6h/Nvs5fzBLwdEF4nuxnFdsfajde4WfxtJr3CaiH+F6ewcIB/q4jQ4UzPyid+CQ==}
    hasBin: true

  proxy-from-env@1.1.0:
    resolution: {integrity: sha512-D+zkORCbA9f1tdWRK0RaCR3GPv50cMxcrz4X8k5LTSUD1Dkw47mKJEZQNunItRTkWwgtaUSo1RVFRIG9ZXiFYg==}

  randombytes@2.1.0:
    resolution: {integrity: sha512-vYl3iOX+4CKUWuxGi9Ukhie6fsqXqS9FE2Zaic4tNFD2N2QQaXOMFbuKK4QmDHC0JO6B1Zp41J0LpT0oR68amQ==}

  safe-buffer@5.2.1:
    resolution: {integrity: sha512-rp3So07KcdmmKbGvgaNxQSJr7bGVSVk5S9Eq1F+ppbRo70+YeaDxkw5Dd8NPN+GD6bjnYm2VuPuCXmpuYvmCXQ==}

  secp256k1@5.0.1:
    resolution: {integrity: sha512-lDFs9AAIaWP9UCdtWrotXWWF9t8PWgQDcxqgAnpM9rMqxb3Oaq2J0thzPVSxBwdJgyQtkU/sYtFtbM1RSt/iYA==}
    engines: {node: '>=18.0.0'}

  tr46@0.0.3:
    resolution: {integrity: sha512-N3WMsuqV66lT30CrXNbEjx4GEwlow3v6rr4mCcv6prnfwhS01rkgyFdjPNBYd9br7LpXV1+Emh01fHnq2Gdgrw==}

  ts-node@10.9.2:
    resolution: {integrity: sha512-f0FFpIdcHgn8zcPSbf1dRevwt047YMnaiJM3u2w2RewrB+fob/zePZcrOyQoLMMO7aBIddLcQIEK5dYjkLnGrQ==}
    hasBin: true
    peerDependencies:
      '@swc/core': '>=1.2.50'
      '@swc/wasm': '>=1.2.50'
      '@types/node': '*'
      typescript: '>=2.7'
    peerDependenciesMeta:
      '@swc/core':
        optional: true
      '@swc/wasm':
        optional: true

  typescript@5.9.2:
    resolution: {integrity: sha512-CWBzXQrc/qOkhidw1OzBTQuYRbfyxDXJMVJ1XNwUHGROVmuaeiEm3OslpZ1RV96d7SKKjZKrSJu3+t/xlw3R9A==}
    engines: {node: '>=14.17'}
    hasBin: true

  undici-types@7.8.0:
    resolution: {integrity: sha512-9UJ2xGDvQ43tYyVMpuHlsgApydB8ZKfVYTsLDhXkFL/6gfkp+U8xTGdh8pMJv1SpZna0zxG1DwsKZsreLbXBxw==}

  v8-compile-cache-lib@3.0.1:
    resolution: {integrity: sha512-wa7YjyUGfNZngI/vtK0UHAN+lgDCxBPCylVXGp0zu59Fz5aiGtNXaq3DhIov063MorB+VfufLh3JlF2KdTK3xg==}

  webidl-conversions@3.0.1:
    resolution: {integrity: sha512-2JAn3z8AR6rjK8Sm8orRC0h/bcl/DqL7tRPdGZ4I1CjdF+EaMLmYxBHyXuKL849eucPFhvBoxMsflfOb8kxaeQ==}

  whatwg-url@5.0.0:
    resolution: {integrity: sha512-saE57nupxk6v3HY35+jzBwYa0rKSy0XR8JSxZPwgLr7ys0IBzhGviA1/TUGJLmSVqs8pb9AnvICXEuOHLprYTw==}

  xtend@4.0.2:
    resolution: {integrity: sha512-LKYU1iAXJXUgAXn9URjiu+MWhyUXHsvfp7mcuYm9dSUKK0/CjtrUwFAxD82/mCWbtLsGjFIad0wIsod4zrTAEQ==}
    engines: {node: '>=0.4'}

  yn@3.1.1:
    resolution: {integrity: sha512-Ux4ygGWsu2c7isFWe8Yu1YluJmqVhxqK2cLXNQA5AcC3QfbGNpM7fu0Y8b/z16pXLnFxZYvWhd3fhBY9DLmC6Q==}
    engines: {node: '>=6'}

snapshots:

  '@cspotcode/source-map-support@0.8.1':
    dependencies:
      '@jridgewell/trace-mapping': 0.3.9

  '@defuse-protocol/one-click-sdk-typescript@0.1.1':
    dependencies:
      axios: 1.11.0
      form-data: 4.0.4
    transitivePeerDependencies:
      - debug

  '@jridgewell/resolve-uri@3.1.2': {}

  '@jridgewell/sourcemap-codec@1.5.4': {}

  '@jridgewell/trace-mapping@0.3.9':
    dependencies:
      '@jridgewell/resolve-uri': 3.1.2
      '@jridgewell/sourcemap-codec': 1.5.4

  '@near-js/accounts@2.2.4(syq6agnbxllc4e4keakh7ev47u)':
    dependencies:
      '@near-js/crypto': 2.2.4(@near-js/types@2.2.4)(@near-js/utils@2.2.4(@near-js/types@2.2.4))
      '@near-js/providers': 2.2.4(@near-js/crypto@2.2.4(@near-js/types@2.2.4)(@near-js/utils@2.2.4(@near-js/types@2.2.4)))(@near-js/transactions@2.2.4(@near-js/crypto@2.2.4(@near-js/types@2.2.4)(@near-js/utils@2.2.4(@near-js/types@2.2.4)))(@near-js/types@2.2.4)(@near-js/utils@2.2.4(@near-js/types@2.2.4)))(@near-js/types@2.2.4)(@near-js/utils@2.2.4(@near-js/types@2.2.4))
      '@near-js/signers': 2.2.4(@near-js/crypto@2.2.4(@near-js/types@2.2.4)(@near-js/utils@2.2.4(@near-js/types@2.2.4)))(@near-js/keystores@2.2.4(@near-js/crypto@2.2.4(@near-js/types@2.2.4)(@near-js/utils@2.2.4(@near-js/types@2.2.4)))(@near-js/types@2.2.4))(@near-js/transactions@2.2.4(@near-js/crypto@2.2.4(@near-js/types@2.2.4)(@near-js/utils@2.2.4(@near-js/types@2.2.4)))(@near-js/types@2.2.4)(@near-js/utils@2.2.4(@near-js/types@2.2.4)))
      '@near-js/tokens': 2.2.4
      '@near-js/transactions': 2.2.4(@near-js/crypto@2.2.4(@near-js/types@2.2.4)(@near-js/utils@2.2.4(@near-js/types@2.2.4)))(@near-js/types@2.2.4)(@near-js/utils@2.2.4(@near-js/types@2.2.4))
      '@near-js/types': 2.2.4
      '@near-js/utils': 2.2.4(@near-js/types@2.2.4)
      '@noble/hashes': 1.7.1
      borsh: 1.0.0
      depd: 2.0.0
      is-my-json-valid: 2.20.6
      lru_map: 0.4.1
      near-abi: 0.2.0

  '@near-js/crypto@2.2.4(@near-js/types@2.2.4)(@near-js/utils@2.2.4(@near-js/types@2.2.4))':
    dependencies:
      '@near-js/types': 2.2.4
      '@near-js/utils': 2.2.4(@near-js/types@2.2.4)
      '@noble/curves': 1.8.1
      borsh: 1.0.0
      randombytes: 2.1.0
      secp256k1: 5.0.1

  '@near-js/keystores@2.2.4(@near-js/crypto@2.2.4(@near-js/types@2.2.4)(@near-js/utils@2.2.4(@near-js/types@2.2.4)))(@near-js/types@2.2.4)':
    dependencies:
      '@near-js/crypto': 2.2.4(@near-js/types@2.2.4)(@near-js/utils@2.2.4(@near-js/types@2.2.4))
      '@near-js/types': 2.2.4

  '@near-js/providers@2.2.4(@near-js/crypto@2.2.4(@near-js/types@2.2.4)(@near-js/utils@2.2.4(@near-js/types@2.2.4)))(@near-js/transactions@2.2.4(@near-js/crypto@2.2.4(@near-js/types@2.2.4)(@near-js/utils@2.2.4(@near-js/types@2.2.4)))(@near-js/types@2.2.4)(@near-js/utils@2.2.4(@near-js/types@2.2.4)))(@near-js/types@2.2.4)(@near-js/utils@2.2.4(@near-js/types@2.2.4))':
    dependencies:
      '@near-js/crypto': 2.2.4(@near-js/types@2.2.4)(@near-js/utils@2.2.4(@near-js/types@2.2.4))
      '@near-js/transactions': 2.2.4(@near-js/crypto@2.2.4(@near-js/types@2.2.4)(@near-js/utils@2.2.4(@near-js/types@2.2.4)))(@near-js/types@2.2.4)(@near-js/utils@2.2.4(@near-js/types@2.2.4))
      '@near-js/types': 2.2.4
      '@near-js/utils': 2.2.4(@near-js/types@2.2.4)
      borsh: 1.0.0
      exponential-backoff: 3.1.2
    optionalDependencies:
      node-fetch: 2.6.7
    transitivePeerDependencies:
      - encoding

  '@near-js/signers@2.2.4(@near-js/crypto@2.2.4(@near-js/types@2.2.4)(@near-js/utils@2.2.4(@near-js/types@2.2.4)))(@near-js/keystores@2.2.4(@near-js/crypto@2.2.4(@near-js/types@2.2.4)(@near-js/utils@2.2.4(@near-js/types@2.2.4)))(@near-js/types@2.2.4))(@near-js/transactions@2.2.4(@near-js/crypto@2.2.4(@near-js/types@2.2.4)(@near-js/utils@2.2.4(@near-js/types@2.2.4)))(@near-js/types@2.2.4)(@near-js/utils@2.2.4(@near-js/types@2.2.4)))':
    dependencies:
      '@near-js/crypto': 2.2.4(@near-js/types@2.2.4)(@near-js/utils@2.2.4(@near-js/types@2.2.4))
      '@near-js/keystores': 2.2.4(@near-js/crypto@2.2.4(@near-js/types@2.2.4)(@near-js/utils@2.2.4(@near-js/types@2.2.4)))(@near-js/types@2.2.4)
      '@near-js/transactions': 2.2.4(@near-js/crypto@2.2.4(@near-js/types@2.2.4)(@near-js/utils@2.2.4(@near-js/types@2.2.4)))(@near-js/types@2.2.4)(@near-js/utils@2.2.4(@near-js/types@2.2.4))
      '@noble/hashes': 1.7.1
      borsh: 1.0.0

  '@near-js/tokens@2.2.4': {}

  '@near-js/transactions@2.2.4(@near-js/crypto@2.2.4(@near-js/types@2.2.4)(@near-js/utils@2.2.4(@near-js/types@2.2.4)))(@near-js/types@2.2.4)(@near-js/utils@2.2.4(@near-js/types@2.2.4))':
    dependencies:
      '@near-js/crypto': 2.2.4(@near-js/types@2.2.4)(@near-js/utils@2.2.4(@near-js/types@2.2.4))
      '@near-js/types': 2.2.4
      '@near-js/utils': 2.2.4(@near-js/types@2.2.4)
      '@noble/hashes': 1.7.1
      borsh: 1.0.0

  '@near-js/types@2.2.4': {}

  '@near-js/utils@2.2.4(@near-js/types@2.2.4)':
    dependencies:
      '@near-js/types': 2.2.4
      '@scure/base': 1.2.6
      depd: 2.0.0
      mustache: 4.0.0

  '@noble/curves@1.8.1':
    dependencies:
      '@noble/hashes': 1.7.1

  '@noble/hashes@1.7.1': {}

  '@scure/base@1.2.6': {}

  '@tsconfig/node10@1.0.11': {}

  '@tsconfig/node12@1.0.11': {}

  '@tsconfig/node14@1.0.3': {}

  '@tsconfig/node16@1.0.4': {}

  '@types/json-schema@7.0.15': {}

  '@types/node@24.1.0':
    dependencies:
      undici-types: 7.8.0

  acorn-walk@8.3.4:
    dependencies:
      acorn: 8.15.0

  acorn@8.15.0: {}

  arg@4.1.3: {}

  asynckit@0.4.0: {}

  axios@1.11.0:
    dependencies:
      follow-redirects: 1.15.11
      form-data: 4.0.4
      proxy-from-env: 1.1.0
    transitivePeerDependencies:
      - debug

  bn.js@4.12.2: {}

  borsh@1.0.0: {}

  brorand@1.1.0: {}

  call-bind-apply-helpers@1.0.2:
    dependencies:
      es-errors: 1.3.0
      function-bind: 1.1.2

  combined-stream@1.0.8:
    dependencies:
      delayed-stream: 1.0.0

  create-require@1.1.1: {}

  delayed-stream@1.0.0: {}

  depd@2.0.0: {}

  diff@4.0.2: {}

  dotenv@17.2.1: {}

  dunder-proto@1.0.1:
    dependencies:
      call-bind-apply-helpers: 1.0.2
      es-errors: 1.3.0
      gopd: 1.2.0

  elliptic@6.6.1:
    dependencies:
      bn.js: 4.12.2
      brorand: 1.1.0
      hash.js: 1.1.7
      hmac-drbg: 1.0.1
      inherits: 2.0.4
      minimalistic-assert: 1.0.1
      minimalistic-crypto-utils: 1.0.1

  es-define-property@1.0.1: {}

  es-errors@1.3.0: {}

  es-object-atoms@1.1.1:
    dependencies:
      es-errors: 1.3.0

  es-set-tostringtag@2.1.0:
    dependencies:
      es-errors: 1.3.0
      get-intrinsic: 1.3.0
      has-tostringtag: 1.0.2
      hasown: 2.0.2

  exponential-backoff@3.1.2: {}

  follow-redirects@1.15.11: {}

  form-data@4.0.4:
    dependencies:
      asynckit: 0.4.0
      combined-stream: 1.0.8
      es-set-tostringtag: 2.1.0
      hasown: 2.0.2
      mime-types: 2.1.35

  function-bind@1.1.2: {}

  generate-function@2.3.1:
    dependencies:
      is-property: 1.0.2

  generate-object-property@1.2.0:
    dependencies:
      is-property: 1.0.2

  get-intrinsic@1.3.0:
    dependencies:
      call-bind-apply-helpers: 1.0.2
      es-define-property: 1.0.1
      es-errors: 1.3.0
      es-object-atoms: 1.1.1
      function-bind: 1.1.2
      get-proto: 1.0.1
      gopd: 1.2.0
      has-symbols: 1.1.0
      hasown: 2.0.2
      math-intrinsics: 1.1.0

  get-proto@1.0.1:
    dependencies:
      dunder-proto: 1.0.1
      es-object-atoms: 1.1.1

  gopd@1.2.0: {}

  has-symbols@1.1.0: {}

  has-tostringtag@1.0.2:
    dependencies:
      has-symbols: 1.1.0

  hash.js@1.1.7:
    dependencies:
      inherits: 2.0.4
      minimalistic-assert: 1.0.1

  hasown@2.0.2:
    dependencies:
      function-bind: 1.1.2

  hmac-drbg@1.0.1:
    dependencies:
      hash.js: 1.1.7
      minimalistic-assert: 1.0.1
      minimalistic-crypto-utils: 1.0.1

  inherits@2.0.4: {}

  is-my-ip-valid@1.0.1: {}

  is-my-json-valid@2.20.6:
    dependencies:
      generate-function: 2.3.1
      generate-object-property: 1.2.0
      is-my-ip-valid: 1.0.1
      jsonpointer: 5.0.1
      xtend: 4.0.2

  is-property@1.0.2: {}

  jsonpointer@5.0.1: {}

  lru_map@0.4.1: {}

  make-error@1.3.6: {}

  math-intrinsics@1.1.0: {}

  mime-db@1.52.0: {}

  mime-types@2.1.35:
    dependencies:
      mime-db: 1.52.0

  minimalistic-assert@1.0.1: {}

  minimalistic-crypto-utils@1.0.1: {}

  mustache@4.0.0: {}

  near-abi@0.2.0:
    dependencies:
      '@types/json-schema': 7.0.15

  node-addon-api@5.1.0: {}

  node-fetch@2.6.7:
    dependencies:
      whatwg-url: 5.0.0
    optional: true

  node-gyp-build@4.8.4: {}

  proxy-from-env@1.1.0: {}

  randombytes@2.1.0:
    dependencies:
      safe-buffer: 5.2.1

  safe-buffer@5.2.1: {}

  secp256k1@5.0.1:
    dependencies:
      elliptic: 6.6.1
      node-addon-api: 5.1.0
      node-gyp-build: 4.8.4

  tr46@0.0.3:
    optional: true

  ts-node@10.9.2(@types/node@24.1.0)(typescript@5.9.2):
    dependencies:
      '@cspotcode/source-map-support': 0.8.1
      '@tsconfig/node10': 1.0.11
      '@tsconfig/node12': 1.0.11
      '@tsconfig/node14': 1.0.3
      '@tsconfig/node16': 1.0.4
      '@types/node': 24.1.0
      acorn: 8.15.0
      acorn-walk: 8.3.4
      arg: 4.1.3
      create-require: 1.1.1
      diff: 4.0.2
      make-error: 1.3.6
      typescript: 5.9.2
      v8-compile-cache-lib: 3.0.1
      yn: 3.1.1

  typescript@5.9.2: {}

  undici-types@7.8.0: {}

  v8-compile-cache-lib@3.0.1: {}

  webidl-conversions@3.0.1:
    optional: true

  whatwg-url@5.0.0:
    dependencies:
      tr46: 0.0.3
      webidl-conversions: 3.0.1
    optional: true

  xtend@4.0.2: {}

  yn@3.1.1: {}
